
Microsoft Visual Studio Solution File, Format Version 12.00
# Visual Studio 14
VisualStudioVersion = 14.0.23107.0
MinimumVisualStudioVersion = 10.0.40219.1
Project("{2150E333-8FDC-42A3-9474-1A3956D46DE8}") = "2.Common", "2.Common", "{A224E8F5-2A24-42A6-A956-72EFFA1D9479}"
EndProject
Project("{FAE04EC0-301F-11D3-BF4B-00C04F79EFBC}") = "Base.Utility", "Base.Utility\Base.Utility.csproj", "{A332C08E-B0E2-4974-9240-EE7A52C67010}"
EndProject
Project("{2150E333-8FDC-42A3-9474-1A3956D46DE8}") = "App", "App", "{641D08C6-0F4F-4532-BFE3-E087AEA3A78E}"
EndProject
Project("{FAE04EC0-301F-11D3-BF4B-00C04F79EFBC}") = "Manager", "Manager\Manager.csproj", "{A6C976C1-DB1D-4A5C-B99E-4F9CCC3B47F5}"
EndProject
Project("{2150E333-8FDC-42A3-9474-1A3956D46DE8}") = "3.Core", "3.Core", "{2F04D315-D0F9-4058-8613-99A3DED9868A}"
EndProject
Project("{FAE04EC0-301F-11D3-BF4B-00C04F79EFBC}") = "Base.Entity", "Base.Entity\Base.Entity.csproj", "{70180438-9ABC-475E-BD09-0A61FDC0708B}"
EndProject
Project("{2150E333-8FDC-42A3-9474-1A3956D46DE8}") = "1.DataAccess", "1.DataAccess", "{43E9624B-850D-45D6-903F-0954376E5675}"
EndProject
Project("{FAE04EC0-301F-11D3-BF4B-00C04F79EFBC}") = "Base.DataAccess", "DataAccess\Base.DataAccess.csproj", "{D226C2D7-27A1-482D-9372-179A163A29F2}"
EndProject
Project("{FAE04EC0-301F-11D3-BF4B-00C04F79EFBC}") = "Business", "Business\Business.csproj", "{3ED7E457-12CA-4990-AF14-4FBF9B4A9EDD}"
EndProject
Project("{FAE04EC0-301F-11D3-BF4B-00C04F79EFBC}") = "IBusiness", "IBusiness\IBusiness.csproj", "{63F2C0B8-B8B3-46B5-BB90-D986429D0B26}"
EndProject
Project("{2150E333-8FDC-42A3-9474-1A3956D46DE8}") = "Example", "Example", "{5A2BB5F6-180D-4913-AA81-0149A679C0DD}"
EndProject
Project("{FAE04EC0-301F-11D3-BF4B-00C04F79EFBC}") = "TestDemo", "TestDemo\TestDemo.csproj", "{046A0C5F-45F1-4BDB-8257-FA1C13E2C95A}"
EndProject
Project("{FAE04EC0-301F-11D3-BF4B-00C04F79EFBC}") = "Base.Kernel", "Base.Kernel\Base.Kernel.csproj", "{4D91C7FB-B1A3-4038-BABA-0302E13912AE}"
EndProject
Project("{FAE04EC0-301F-11D3-BF4B-00C04F79EFBC}") = "Base.Cache", "Base.Cache\Base.Cache.csproj", "{1AB90B89-1633-4C92-AC18-BF24807C5E01}"
EndProject
Global
	GlobalSection(SolutionConfigurationPlatforms) = preSolution
		Debug|Any CPU = Debug|Any CPU
		Release|Any CPU = Release|Any CPU
	EndGlobalSection
	GlobalSection(ProjectConfigurationPlatforms) = postSolution
		{A332C08E-B0E2-4974-9240-EE7A52C67010}.Debug|Any CPU.ActiveCfg = Debug|Any CPU
		{A332C08E-B0E2-4974-9240-EE7A52C67010}.Debug|Any CPU.Build.0 = Debug|Any CPU
		{A332C08E-B0E2-4974-9240-EE7A52C67010}.Release|Any CPU.ActiveCfg = Release|Any CPU
		{A332C08E-B0E2-4974-9240-EE7A52C67010}.Release|Any CPU.Build.0 = Release|Any CPU
		{A6C976C1-DB1D-4A5C-B99E-4F9CCC3B47F5}.Debug|Any CPU.ActiveCfg = Debug|Any CPU
		{A6C976C1-DB1D-4A5C-B99E-4F9CCC3B47F5}.Debug|Any CPU.Build.0 = Debug|Any CPU
		{A6C976C1-DB1D-4A5C-B99E-4F9CCC3B47F5}.Release|Any CPU.ActiveCfg = Release|Any CPU
		{A6C976C1-DB1D-4A5C-B99E-4F9CCC3B47F5}.Release|Any CPU.Build.0 = Release|Any CPU
		{70180438-9ABC-475E-BD09-0A61FDC0708B}.Debug|Any CPU.ActiveCfg = Debug|Any CPU
		{70180438-9ABC-475E-BD09-0A61FDC0708B}.Debug|Any CPU.Build.0 = Debug|Any CPU
		{70180438-9ABC-475E-BD09-0A61FDC0708B}.Release|Any CPU.ActiveCfg = Release|Any CPU
		{70180438-9ABC-475E-BD09-0A61FDC0708B}.Release|Any CPU.Build.0 = Release|Any CPU
		{D226C2D7-27A1-482D-9372-179A163A29F2}.Debug|Any CPU.ActiveCfg = Debug|Any CPU
		{D226C2D7-27A1-482D-9372-179A163A29F2}.Debug|Any CPU.Build.0 = Debug|Any CPU
		{D226C2D7-27A1-482D-9372-179A163A29F2}.Release|Any CPU.ActiveCfg = Release|Any CPU
		{D226C2D7-27A1-482D-9372-179A163A29F2}.Release|Any CPU.Build.0 = Release|Any CPU
		{3ED7E457-12CA-4990-AF14-4FBF9B4A9EDD}.Debug|Any CPU.ActiveCfg = Debug|Any CPU
		{3ED7E457-12CA-4990-AF14-4FBF9B4A9EDD}.Debug|Any CPU.Build.0 = Debug|Any CPU
		{3ED7E457-12CA-4990-AF14-4FBF9B4A9EDD}.Release|Any CPU.ActiveCfg = Release|Any CPU
		{3ED7E457-12CA-4990-AF14-4FBF9B4A9EDD}.Release|Any CPU.Build.0 = Release|Any CPU
		{63F2C0B8-B8B3-46B5-BB90-D986429D0B26}.Debug|Any CPU.ActiveCfg = Debug|Any CPU
		{63F2C0B8-B8B3-46B5-BB90-D986429D0B26}.Debug|Any CPU.Build.0 = Debug|Any CPU
		{63F2C0B8-B8B3-46B5-BB90-D986429D0B26}.Release|Any CPU.ActiveCfg = Release|Any CPU
		{63F2C0B8-B8B3-46B5-BB90-D986429D0B26}.Release|Any CPU.Build.0 = Release|Any CPU
		{046A0C5F-45F1-4BDB-8257-FA1C13E2C95A}.Debug|Any CPU.ActiveCfg = Debug|Any CPU
		{046A0C5F-45F1-4BDB-8257-FA1C13E2C95A}.Debug|Any CPU.Build.0 = Debug|Any CPU
		{046A0C5F-45F1-4BDB-8257-FA1C13E2C95A}.Release|Any CPU.ActiveCfg = Release|Any CPU
		{046A0C5F-45F1-4BDB-8257-FA1C13E2C95A}.Release|Any CPU.Build.0 = Release|Any CPU
		{4D91C7FB-B1A3-4038-BABA-0302E13912AE}.Debug|Any CPU.ActiveCfg = Debug|Any CPU
		{4D91C7FB-B1A3-4038-BABA-0302E13912AE}.Debug|Any CPU.Build.0 = Debug|Any CPU
		{4D91C7FB-B1A3-4038-BABA-0302E13912AE}.Release|Any CPU.ActiveCfg = Release|Any CPU
		{4D91C7FB-B1A3-4038-BABA-0302E13912AE}.Release|Any CPU.Build.0 = Release|Any CPU
		{1AB90B89-1633-4C92-AC18-BF24807C5E01}.Debug|Any CPU.ActiveCfg = Debug|Any CPU
		{1AB90B89-1633-4C92-AC18-BF24807C5E01}.Debug|Any CPU.Build.0 = Debug|Any CPU
		{1AB90B89-1633-4C92-AC18-BF24807C5E01}.Release|Any CPU.ActiveCfg = Release|Any CPU
		{1AB90B89-1633-4C92-AC18-BF24807C5E01}.Release|Any CPU.Build.0 = Release|Any CPU
	EndGlobalSection
	GlobalSection(SolutionProperties) = preSolution
		HideSolutionNode = FALSE
	EndGlobalSection
	GlobalSection(NestedProjects) = preSolution
		{A332C08E-B0E2-4974-9240-EE7A52C67010} = {A224E8F5-2A24-42A6-A956-72EFFA1D9479}
		{A6C976C1-DB1D-4A5C-B99E-4F9CCC3B47F5} = {641D08C6-0F4F-4532-BFE3-E087AEA3A78E}
		{70180438-9ABC-475E-BD09-0A61FDC0708B} = {2F04D315-D0F9-4058-8613-99A3DED9868A}
		{D226C2D7-27A1-482D-9372-179A163A29F2} = {43E9624B-850D-45D6-903F-0954376E5675}
		{3ED7E457-12CA-4990-AF14-4FBF9B4A9EDD} = {2F04D315-D0F9-4058-8613-99A3DED9868A}
		{63F2C0B8-B8B3-46B5-BB90-D986429D0B26} = {2F04D315-D0F9-4058-8613-99A3DED9868A}
		{046A0C5F-45F1-4BDB-8257-FA1C13E2C95A} = {5A2BB5F6-180D-4913-AA81-0149A679C0DD}
		{4D91C7FB-B1A3-4038-BABA-0302E13912AE} = {2F04D315-D0F9-4058-8613-99A3DED9868A}
		{1AB90B89-1633-4C92-AC18-BF24807C5E01} = {A224E8F5-2A24-42A6-A956-72EFFA1D9479}
	EndGlobalSection
EndGlobal
